github.com/bytedance/sonic v1.9.1 h1:6iJ6NqdoxCDz6eCXX3sQs3EyA7cO+4vXl4MyJK4lV3g=
github.com/bytedance/sonic v1.9.1/go.mod h1:i736AoUSYt75HyZLoJW9ERYxcy6eaN6h4BZXU064P/U=
github.com/chenzhuoyu/base64x v0.0.0-20221115062448-fe3a3abad311 h1:qSGYFH7+jGhDF8vLC+iwCD4WpbV1EBDSzWkJODFLams=
github.com/chenzhuoyu/base64x v0.0.0-20221115062448-fe3a3abad311/go.mod h1:bAlkXf4aD1Lc3O7e4y+70/4K1x3DkFEytNfzzqfg4mU=
github.com/davecgh/go-spew v1.1.0 h1:ZDR5Vd2gsAHXzEFnd6JFOrW+Z/X5YKg71xR22uUO0/8=
github.com/davecgh/go-spew v1.1.1 h1:vj9j/u1bqnvCEfJOwUhtlOARqs3+rkHYY13jYWTU97c=
github.com/davecgh/go-spew v1.1.1/go.mod h1:J7Y8YcW2NihsgmVo/mv3lAwl/skON4iLHjSwI9O7QBY=
github.com/gabriel-vasile/mimetype v1.4.2 h1:w5qFW6JKBz9Y393Y4q372O9A7cUSequkh3QkkcRvFlQ=
github.com/gabriel-vasile/mimetype v1.4.2/go.mod h1:zApsH/mOX4mZqJQJxUdVHQV2+3Vu2K0CuEk0G09A3Ew=
github.com/gin-contrib/sse v0.1.0 h1:Y/yl/+YNO8GZSjAhjMsSuLt29uWRFHdHYUb5lYOV9qE=
github.com/gin-contrib/sse v0.1.0/go.mod h1:hRTp4i62YOWguy/3SrFT8k5tUv37MaPF4R0qZXeEwGQ=
github.com/gin-gonic/gin v1.9.1 h1:4idEAncQnU5cB7BeOkP0j6YbLqOyS6CNq6fCljqoIeM=
github.com/gin-gonic/gin v1.9.1/go.mod h1:hPrL7YrpYKXt5YId3A/Tnip5kqbEAP+KLuI3SUcPTeU=
github.com/go-playground/locales v0.14.1 h1:EWaQ/w1jqin71RqlQViw/T+caCCJ8xS72TyaI1zP0Yc=
github.com/go-playground/locales v0.14.1/go.mod h1:hxrqLVvrK65+Rwrd5Fc6FheO+8coN+CHfJyDwMIc4mU=
github.com/go-playground/universal-translator v0.18.1 h1:BcnI0tRn+6g0ACz8s05Czfyq+3lpbFpST3ENzUZZErI=
github.com/go-playground/universal-translator v0.18.1/go.mod h1:xekY+UJKNuX9WP91TpwSH2VMlDf28Uj24BCp08ZFTUY=
github.com/go-playground/validator/v10 v10.16.0 h1:9iXMNT7sRkj4Fg+hfxluO7tV1XPSGAV79wJI3czu5WU=
github.com/go-playground/validator/v10 v10.16.0/go.mod h1:9iXMNT7sRkj4Fg+hfxluO7tV1XPSGAV79wJI3czu5WU=
github.com/go-telegram-bot-api/telegram-bot-api/v5 v5.5.1 h1:3xE1J4Lfdh7kS0JjC1Nk8wJ8ZvJ8ZvJ8ZvJ8ZvJ8ZvJ8=
github.com/go-telegram-bot-api/telegram-bot-api/v5 v5.5.1/go.mod h1:3xE1J4Lfdh7kS0JjC1Nk8wJ8ZvJ8ZvJ8ZvJ8ZvJ8ZvJ8=
github.com/goccy/go-json v0.10.2 h1:YCc1PENulNQ5+fw8BNg38HJ2N7pE9kD10f2uJ8E7tY4=
github.com/goccy/go-json v0.10.2/go.mod h1:6MelG93GURQebXPDq3khkguxZJqAK4JJ/Pg0n8giyM4=
github.com/golang-migrate/migrate/v4 v4.17.0 h1:r7E4b6s4QlGzCgWqGHu6nH3y1yQ4q4q4q4q4q4q4q4q4=
github.com/golang-migrate/migrate/v4 v4.17.0/go.mod h1:r7E4b6s4QlGzCgWqGHu6nH3y1yQ4q4q4q4q4q4q4q4q4=
github.com/google/uuid v1.4.0 h1:11RTaM7Ioar577tCNKzliFgE2/YXNfAPLuj9udZ3F2E=
github.com/google/uuid v1.4.0/go.mod h1:TIyPZe4MgqvfeYDBFedMoGGpEw/LqOeaOT+nhxU+yHo=
github.com/gorilla/mux v1.8.1 h1:OiMqvBdTWXnaCzdL2l/zmKm68w+GhBjdQBM0Z2r9+Go=
github.com/gorilla/mux v1.8.1/go.mod h1:AKf9I4AEqPTmMytcMc0KkNouC66V3BtZ4qD5fmWSiMQ=
github.com/joho/godotenv v1.5.1 h1:7eLL/+HRGLY0ldzfGMeQkb7vMd0as4CfYvUVzLqw0N0=
github.com/joho/godotenv v1.5.1/go.mod h1:f4LDr5Voq0i2e/R5DDNOoa2zzDfwtkZa6DnEwAbqwq4=
github.com/json-iterator/go v1.1.12 h1:e30XqYxcd6DfBK9NprwoywC0fPZtZgvEY1ZZ2Nubakw=
github.com/json-iterator/go v1.1.12/go.mod h1:e30XqYxcd6DfBK9NprwoywC0fPZtZgvEY1ZZ2Nubakw=
github.com/klauspost/cpuid/v2 v2.2.4 h1:acbojRNl3n09cKX9e9vK0gS9GxdbsPqaR1T1gJ+Cs/4=
github.com/klauspost/cpuid/v2 v2.2.4/go.mod h1:RVVoqg1df56z8g3pUjL/3lE5UfnlrJX+tyODDwNv/6Y=
github.com/leodido/go-urn v1.2.4 h1:0mWCWx5GnXwaDw+kH3tsHXZx4Swd/AdOLxNZEzmyl1A=
github.com/leodido/go-urn v1.2.4/go.mod h1:7ZrI8mTSeBSHl/UaRyKQW1qZeMgak41ANeCNaVckg+4=
github.com/lib/pq v1.10.9 h1:YXG7RB+JIjhP29X+OtkiDnYaXQwpS4JEWq7dtCCRUEw=
github.com/lib/pq v1.10.9/go.mod h1:AlVN5x4E4T544tWzH6hKfbfQvm3HdbnnySH//aJ5CQ=
github.com/mattn/go-isatty v0.0.19 h1:JITubQf0MOLdlGRuRq+jtsDlekdYPia9ZFsB8h/APPA=
github.com/mattn/go-isatty v0.0.19/go.mod h1:W+V8PltTTMOvKvAeJH7IuucS85SspRjyEQKrvAQ8W3Y=
github.com/modern-go/concurrent v0.0.0-20180306012644-bacd9c7ef1dd h1:TRLaZ9cD/w8PVh93nsPXa1VrQ6jlwL5oN8l14QlcNfg=
github.com/modern-go/concurrent v0.0.0-20180306012644-bacd9c7ef1dd/go.mod h1:6dJ/lnLzbc+Pi8sZ1UmVnsl80YjvANf1MlDl9ls6g6I=
github.com/modern-go/reflect2 v1.0.2 h1:xBagoYbWJ3H2bOzxTU7KqGQqocIsxZON2JAmN8j0d2s=
github.com/modern-go/reflect2 v1.0.2/go.mod h1:yWuevngMOJpCy52FWWMvUC8ws7m/LJsjYzDa0/r8luk=
github.com/pelletier/go-toml/v2 v2.0.8 h1:0ctb6s9mE31h0/lhu+J6OPmVM9+g6yT9yvajkIQivQ8=
github.com/pelletier/go-toml/v2 v2.0.8/go.mod h1:vuYfssBdrU2XDZ9bYydBu6t+6a6PYNcZx3ZJjXqZ4gM=
github.com/pmezard/go-difflib v1.0.0 h1:4DBwDE0NGyQoBHbLQYPwSUPoCMWR5BEzIk/f1lZbAQM=
github.com/pmezard/go-difflib v1.0.0/go.mod h1:L8sJ7K2OQqPSN3Z9myDduBx8v8gL0BPiPba2nRfk1xE=
github.com/robfig/cron/v3 v3.0.1 h1:WdRxkvbJztn8LMz/QEvLN5sBU+xKpSqwwUO1Pry4n4Q=
github.com/robfig/cron/v3 v3.0.1/go.mod h1:eQICerjlcHJHAZowidk0ewgH+YtOqkXUx1Akq/kP1eY=
github.com/sirupsen/logrus v1.9.3 h1:dueUQJ1C2q9oE3F7wvmSGAaVtTmUizReu6fjN8uqzbQ=
github.com/sirupsen/logrus v1.9.3/go.mod h1:dueUQJ1C2q9oE3F7wvmSGAaVtTmUizReu6fjN8uqzbQ=
github.com/stretchr/testify v1.8.4 h1:CcVxjf3Q8PM0ifHUPUKAJZR+jdgYHZo4aHKx7i0x5XQ=
github.com/stretchr/testify v1.8.4/go.mod h1:sz/lmYIOXD/1dqDmKjjqLyZ2RngseejIcXlSw2iwfAo=
github.com/swaggo/gin-swagger v1.6.0 h1:7B2B9aJ8J8J8J8J8J8J8J8J8J8J8J8J8J8J8J8J8J8=
github.com/swaggo/gin-swagger v1.6.0/go.mod h1:7B2B9aJ8J8J8J8J8J8J8J8J8J8J8J8J8J8J8J8J8J8=
github.com/swaggo/swag v1.16.2 h1:7B2B9aJ8J8J8J8J8J8J8J8J8J8J8J8J8J8J8J8J8J8=
github.com/swaggo/swag v1.16.2/go.mod h1:7B2B9aJ8J8J8J8J8J8J8J8J8J8J8J8J8J8J8J8J8J8=
github.com/twitchyliquid64/golang-asm v0.15.1 h1:SU5vSMR7TdHx7nJLc9kGclqkTSX4lA4gDfcsDnGhdCM=
github.com/twitchyliquid64/golang-asm v0.15.1/go.mod h1:a1lVb/DtPvCB8fslryZhGy1hMf0iDd1r1+6E4Q+2q4Y=
github.com/ugorji/go/codec v1.2.11 h1:BMaWp1Bb6fHwEtbplGBGJ498wD+LKlNSL25Gr1ywD4g=
github.com/ugorji/go/codec v1.2.11/go.mod h1:UNopzCgEMSXjBc6AOMqYvWC1ktqTAfzJZUZgYf6kIig=
golang.org/x/arch v0.3.0 h1:02VY4zocow5+CIj/8vOQqIWdYJ8G6S6oX9kq/h9/9L8=
golang.org/x/arch v0.3.0/go.mod h1:5om86z9HsU8/4yql4e9XmG5E6Ol6+9g4yU7lD0vR7Y=
golang.org/x/crypto v0.14.0 h1:wBqGXzWJW6mOiX/r5FZOlE9v3s1MZ6Vg+4T1hVkr9rY=
golang.org/x/crypto v0.14.0/go.mod h1:MVFd36DqK4CsrnJYDkBA3VC4m2GkXAM0PvzMCnFJup0=
golang.org/x/net v0.10.0 h1:0s4AQ/VrnqV9hOd4KtW9Z6JvRnInTgJPMsMKSBAaJEU=
golang.org/x/net v0.10.0/go.mod h1:0qNGK6F8kojg2nk9dLZ2mShWaEBan6FAoqfSigiiu0U=
golang.org/x/sys v0.13.0 h1:Af8nKPmuFypiUBjVoU9V20FiaFXOcuZI21p0ycVYYGE=
golang.org/x/sys v0.13.0/go.mod h1:oPkhp1MJrh7nUepCBck5+mAzfO9JrbApNNgaTdGDITg=
golang.org/x/text v0.13.0 h1:ablQoSUd0tRdKxZewP80B+BaqeKJuVhuRxj/dkrun3I=
golang.org/x/text v0.13.0/go.mod h1:oPkhp1MJrh7nUepCBck5+mAzfO9JrbApNNgaTdGDITg=
gopkg.in/yaml.v3 v3.0.1 h1:fxVm/VzT8vI7kS6yLjDybfN8QAjlwZQhO9DDi0V8x34=
gopkg.in/yaml.v3 v3.0.1/go.mod h1:K4uyk7z7BCEPqu6E+C64Yfv1cQ7kz7rIZviUmN+EgEM=
gorm.io/driver/postgres v1.5.4 h1:7B2B9aJ8J8J8J8J8J8J8J8J8J8J8J8J8J8J8J8J8J8=
gorm.io/driver/postgres v1.5.4/go.mod h1:7B2B9aJ8J8J8J8J8J8J8J8J8J8J8J8J8J8J8J8J8J8=
gorm.io/gorm v1.25.5 h1:7B2B9aJ8J8J8J8J8J8J8J8J8J8J8J8J8J8J8J8J8J8=
gorm.io/gorm v1.25.5/go.mod h1:7B2B9aJ8J8J8J8J8J8J8J8J8J8J8J8J8J8J8J8J8J8=
